
Microsoft Visual Studio Solution File, Format Version 12.00
# Visual Studio Version 17
VisualStudioVersion = 17.6.33815.320
MinimumVisualStudioVersion = 10.0.40219.1
Project("{FAE04EC0-301F-11D3-BF4B-00C04F79EFBC}") = "CircConCentroFer2023.Consola", "CircConCentroFer2023.Consola\CircConCentroFer2023.Consola.csproj", "{4698CF07-2F73-4955-A0F4-4D9A5637D5FF}"
EndProject
Project("{FAE04EC0-301F-11D3-BF4B-00C04F79EFBC}") = "CircConCentroFer2023.Entidades", "CircConCentroFer2023.Entidades\CircConCentroFer2023.Entidades.csproj", "{6DC3DE21-8B12-4A3A-ABE6-C2ECAF262BFD}"
EndProject
Project("{FAE04EC0-301F-11D3-BF4B-00C04F79EFBC}") = "CircConCentroFer2023.Windows", "CircConCentroFer2023.Windows\CircConCentroFer2023.Windows.csproj", "{3605E7D8-E935-453D-8879-A1EC68027B5C}"
EndProject
Global
	GlobalSection(SolutionConfigurationPlatforms) = preSolution
		Debug|Any CPU = Debug|Any CPU
		Release|Any CPU = Release|Any CPU
	EndGlobalSection
	GlobalSection(ProjectConfigurationPlatforms) = postSolution
		{4698CF07-2F73-4955-A0F4-4D9A5637D5FF}.Debug|Any CPU.ActiveCfg = Debug|Any CPU
		{4698CF07-2F73-4955-A0F4-4D9A5637D5FF}.Debug|Any CPU.Build.0 = Debug|Any CPU
		{4698CF07-2F73-4955-A0F4-4D9A5637D5FF}.Release|Any CPU.ActiveCfg = Release|Any CPU
		{4698CF07-2F73-4955-A0F4-4D9A5637D5FF}.Release|Any CPU.Build.0 = Release|Any CPU
		{6DC3DE21-8B12-4A3A-ABE6-C2ECAF262BFD}.Debug|Any CPU.ActiveCfg = Debug|Any CPU
		{6DC3DE21-8B12-4A3A-ABE6-C2ECAF262BFD}.Debug|Any CPU.Build.0 = Debug|Any CPU
		{6DC3DE21-8B12-4A3A-ABE6-C2ECAF262BFD}.Release|Any CPU.ActiveCfg = Release|Any CPU
		{6DC3DE21-8B12-4A3A-ABE6-C2ECAF262BFD}.Release|Any CPU.Build.0 = Release|Any CPU
		{3605E7D8-E935-453D-8879-A1EC68027B5C}.Debug|Any CPU.ActiveCfg = Debug|Any CPU
		{3605E7D8-E935-453D-8879-A1EC68027B5C}.Debug|Any CPU.Build.0 = Debug|Any CPU
		{3605E7D8-E935-453D-8879-A1EC68027B5C}.Release|Any CPU.ActiveCfg = Release|Any CPU
		{3605E7D8-E935-453D-8879-A1EC68027B5C}.Release|Any CPU.Build.0 = Release|Any CPU
	EndGlobalSection
	GlobalSection(SolutionProperties) = preSolution
		HideSolutionNode = FALSE
	EndGlobalSection
	GlobalSection(ExtensibilityGlobals) = postSolution
		SolutionGuid = {4D82C0A5-0294-4988-8F1F-1ED8A7410E16}
	EndGlobalSection
EndGlobal
